<?xml version="1.0" encoding="utf-8"?>
<Project ToolsVersion="4.0" xmlns="http://schemas.microsoft.com/developer/msbuild/2003">
  <ItemGroup>
    <Filter Include="소스 파일">
      <UniqueIdentifier>{4FC737F1-C7A5-4376-A066-2A32D752A2FF}</UniqueIdentifier>
      <Extensions>cpp;c;cc;cxx;def;odl;idl;hpj;bat;asm;asmx</Extensions>
    </Filter>
    <Filter Include="헤더 파일">
      <UniqueIdentifier>{93995380-89BD-4b04-88EB-625FBE52EBFB}</UniqueIdentifier>
      <Extensions>h;hh;hpp;hxx;hm;inl;inc;ipp;xsd</Extensions>
    </Filter>
    <Filter Include="리소스 파일">
      <UniqueIdentifier>{67DA6AB6-F800-4c08-8B7A-83BB121AAD01}</UniqueIdentifier>
      <Extensions>rc;ico;cur;bmp;dlg;rc2;rct;bin;rgs;gif;jpg;jpeg;jpe;resx;tiff;tif;png;wav;mfcribbon-ms</Extensions>
    </Filter>
    <Filter Include="소스 파일\DX">
      <UniqueIdentifier>{2c1481aa-2890-440b-9b23-d8d9e4867ec4}</UniqueIdentifier>
    </Filter>
    <Filter Include="헤더 파일\DX">
      <UniqueIdentifier>{0e4a458a-9e13-4532-90da-e5ed66f47f97}</UniqueIdentifier>
    </Filter>
    <Filter Include="소스 파일\MFC">
      <UniqueIdentifier>{0dd680cc-d18c-4448-9416-026a57f5a43e}</UniqueIdentifier>
    </Filter>
    <Filter Include="헤더 파일\MFC">
      <UniqueIdentifier>{74e90b43-a078-4fe2-a4a4-c84f17179839}</UniqueIdentifier>
    </Filter>
  </ItemGroup>
  <ItemGroup>
    <ClInclude Include="stdafx.h">
      <Filter>헤더 파일</Filter>
    </ClInclude>
    <ClInclude Include="targetver.h">
      <Filter>헤더 파일</Filter>
    </ClInclude>
    <ClInclude Include="Resource.h">
      <Filter>헤더 파일</Filter>
    </ClInclude>
    <ClInclude Include="DxMapTool.h">
      <Filter>헤더 파일\MFC</Filter>
    </ClInclude>
    <ClInclude Include="DxMapToolDoc.h">
      <Filter>헤더 파일\MFC</Filter>
    </ClInclude>
    <ClInclude Include="DxMapToolView.h">
      <Filter>헤더 파일\MFC</Filter>
    </ClInclude>
    <ClInclude Include="DxMapView.h">
      <Filter>헤더 파일\MFC</Filter>
    </ClInclude>
    <ClInclude Include="MainFrm.h">
      <Filter>헤더 파일\MFC</Filter>
    </ClInclude>
  </ItemGroup>
  <ItemGroup>
    <ClCompile Include="stdafx.cpp">
      <Filter>소스 파일</Filter>
    </ClCompile>
    <ClCompile Include="DxMapTool.cpp">
      <Filter>소스 파일\MFC</Filter>
    </ClCompile>
    <ClCompile Include="DxMapToolDoc.cpp">
      <Filter>소스 파일\MFC</Filter>
    </ClCompile>
    <ClCompile Include="DxMapToolView.cpp">
      <Filter>소스 파일\MFC</Filter>
    </ClCompile>
    <ClCompile Include="DxMapView.cpp">
      <Filter>소스 파일\MFC</Filter>
    </ClCompile>
    <ClCompile Include="MainFrm.cpp">
      <Filter>소스 파일\MFC</Filter>
    </ClCompile>
  </ItemGroup>
  <ItemGroup>
    <ResourceCompile Include="DxMapTool.rc">
      <Filter>리소스 파일</Filter>
    </ResourceCompile>
  </ItemGroup>
  <ItemGroup>
    <None Include="res\DxMapTool.rc2">
      <Filter>리소스 파일</Filter>
    </None>
  </ItemGroup>
  <ItemGroup>
    <Image Include="res\DxMapToolDoc.ico">
      <Filter>리소스 파일</Filter>
    </Image>
    <Image Include="res\DxMapTool.ico">
      <Filter>리소스 파일</Filter>
    </Image>
  </ItemGroup>
</Project>