<?xml version="1.0" encoding="utf-8"?>
<Project ToolsVersion="4.0" xmlns="http://schemas.microsoft.com/developer/msbuild/2003">
  <ItemGroup>
    <Filter Include="소스 파일">
      <UniqueIdentifier>{4FC737F1-C7A5-4376-A066-2A32D752A2FF}</UniqueIdentifier>
      <Extensions>cpp;c;cc;cxx;def;odl;idl;hpj;bat;asm;asmx</Extensions>
    </Filter>
    <Filter Include="헤더 파일">
      <UniqueIdentifier>{93995380-89BD-4b04-88EB-625FBE52EBFB}</UniqueIdentifier>
      <Extensions>h;hh;hpp;hxx;hm;inl;inc;ipp;xsd</Extensions>
    </Filter>
    <Filter Include="리소스 파일">
      <UniqueIdentifier>{67DA6AB6-F800-4c08-8B7A-83BB121AAD01}</UniqueIdentifier>
      <Extensions>rc;ico;cur;bmp;dlg;rc2;rct;bin;rgs;gif;jpg;jpeg;jpe;resx;tiff;tif;png;wav;mfcribbon-ms</Extensions>
    </Filter>
    <Filter Include="소스 파일\DX">
      <UniqueIdentifier>{f0ff23cb-12b2-4c7d-9acd-36e59275ca26}</UniqueIdentifier>
    </Filter>
    <Filter Include="헤더 파일\DX">
      <UniqueIdentifier>{dffe0b5d-3e8d-499e-b9b5-12ba1c58c230}</UniqueIdentifier>
    </Filter>
    <Filter Include="소스 파일\MFC">
      <UniqueIdentifier>{2c6cdd3c-35d8-42d9-b03b-b6cfdb1d4b8e}</UniqueIdentifier>
    </Filter>
    <Filter Include="헤더 파일\MFC">
      <UniqueIdentifier>{d727578e-21a8-4fce-aeb9-20aa35d99f5b}</UniqueIdentifier>
    </Filter>
  </ItemGroup>
  <ItemGroup>
    <ClInclude Include="AplicationClass.h">
      <Filter>헤더 파일\DX</Filter>
    </ClInclude>
    <ClInclude Include="D3DClass.h">
      <Filter>헤더 파일\DX</Filter>
    </ClInclude>
    <ClInclude Include="MainFrm.h">
      <Filter>헤더 파일\MFC</Filter>
    </ClInclude>
    <ClInclude Include="MapTool.h">
      <Filter>헤더 파일\MFC</Filter>
    </ClInclude>
    <ClInclude Include="MapToolDoc.h">
      <Filter>헤더 파일\MFC</Filter>
    </ClInclude>
    <ClInclude Include="MapToolView.h">
      <Filter>헤더 파일\MFC</Filter>
    </ClInclude>
    <ClInclude Include="MapView.h">
      <Filter>헤더 파일\MFC</Filter>
    </ClInclude>
    <ClInclude Include="Resource.h">
      <Filter>헤더 파일\MFC</Filter>
    </ClInclude>
    <ClInclude Include="targetver.h">
      <Filter>헤더 파일\MFC</Filter>
    </ClInclude>
    <ClInclude Include="stdafx.h">
      <Filter>헤더 파일\MFC</Filter>
    </ClInclude>
    <ClInclude Include="Base.h">
      <Filter>헤더 파일</Filter>
    </ClInclude>
  </ItemGroup>
  <ItemGroup>
    <ClCompile Include="AplicationClass.cpp">
      <Filter>소스 파일\DX</Filter>
    </ClCompile>
    <ClCompile Include="D3DClass.cpp">
      <Filter>소스 파일\DX</Filter>
    </ClCompile>
    <ClCompile Include="stdafx.cpp">
      <Filter>소스 파일\MFC</Filter>
    </ClCompile>
    <ClCompile Include="MainFrm.cpp">
      <Filter>소스 파일\MFC</Filter>
    </ClCompile>
    <ClCompile Include="MapTool.cpp">
      <Filter>소스 파일\MFC</Filter>
    </ClCompile>
    <ClCompile Include="MapToolDoc.cpp">
      <Filter>소스 파일\MFC</Filter>
    </ClCompile>
    <ClCompile Include="MapToolView.cpp">
      <Filter>소스 파일\MFC</Filter>
    </ClCompile>
    <ClCompile Include="MapView.cpp">
      <Filter>소스 파일\MFC</Filter>
    </ClCompile>
  </ItemGroup>
  <ItemGroup>
    <ResourceCompile Include="MapTool.rc">
      <Filter>리소스 파일</Filter>
    </ResourceCompile>
  </ItemGroup>
  <ItemGroup>
    <None Include="res\MapTool.rc2">
      <Filter>리소스 파일</Filter>
    </None>
  </ItemGroup>
  <ItemGroup>
    <Image Include="res\MapToolDoc.ico">
      <Filter>리소스 파일</Filter>
    </Image>
    <Image Include="res\MapTool.ico">
      <Filter>리소스 파일</Filter>
    </Image>
    <Image Include="res\Toolbar.bmp">
      <Filter>리소스 파일</Filter>
    </Image>
  </ItemGroup>
</Project>